{
  "name": "page-ui",
  "lockfileVersion": 3,
  "requires": true,
  "packages": {
    "": {
      "dependencies": {
        "posthog-js": "^1.130.1"
      }
    },
    "node_modules/fflate": {
      "version": "0.4.8",
      "resolved": "https://registry.npmjs.org/fflate/-/fflate-0.4.8.tgz",
      "integrity": "sha512-FJqqoDBR00Mdj9ppamLa/Y7vxm+PRmNWA67N846RvsoYVMKB4q3y/de5PA7gUmRMYK/8CMz2GDZQmCRN1wBcWA=="
    },
    "node_modules/posthog-js": {
      "version": "1.130.1",
      "resolved": "https://registry.npmjs.org/posthog-js/-/posthog-js-1.130.1.tgz",
      "integrity": "sha512-BC283kxeJnVIeAxn7ZPHf5sCTA6oXs4uvo9fdGAsbKwwfmF9g09rnJOOaoF95J/auf8HT4YB6Vt2KytqtJD44w==",
      "dependencies": {
        "fflate": "^0.4.8",
        "preact": "^10.19.3"
      }
    },
    "node_modules/preact": {
      "version": "10.21.0",
      "resolved": "https://registry.npmjs.org/preact/-/preact-10.21.0.tgz",
      "integrity": "sha512-aQAIxtzWEwH8ou+OovWVSVNlFImL7xUCwJX3YMqA3U8iKCNC34999fFOnWjYNsylgfPgMexpbk7WYOLtKr/mxg==",
      "funding": {
        "type": "opencollective",
        "url": "https://opencollective.com/preact"
      }
    }
  }
}
